{
  "name": "modelpatrol",
  "version": "1.0.0",
  "lockfileVersion": 3,
  "requires": true,
  "packages": {
    "": {
      "name": "modelpatrol",
      "version": "1.0.0",
      "license": "MIT",
      "bin": {
        "modelpatrol": "bin/modelpatrol.js"
      },
      "engines": {
        "node": ">=22.13"
      }
    }
  }
}
